
Microsoft Visual Studio Solution File, Format Version 12.00
# Visual Studio Version 17
VisualStudioVersion = 17.3.32825.248
MinimumVisualStudioVersion = 10.0.40219.1
Project("{9A19103F-16F7-4668-BE54-9A1E7A4F7556}") = "MyHostel_BackEnd", "MyHostel_BackEnd\MyHostel_BackEnd.csproj", "{10097BB3-9C5C-485A-81A4-BB41CDDC0B98}"
EndProject
Project("{9A19103F-16F7-4668-BE54-9A1E7A4F7556}") = "MyHostel_Admin", "MyHostel_Admin\MyHostel_Admin.csproj", "{364E53D0-1473-405B-9FF5-42F3FF715B97}"
EndProject
Project("{9A19103F-16F7-4668-BE54-9A1E7A4F7556}") = "MyHostel_Backend_UnitTest", "MyHostel_Backend_UnitTest\MyHostel_Backend_UnitTest.csproj", "{332272D3-29B0-4288-B072-8AD2A3E6534A}"
EndProject
Global
	GlobalSection(SolutionConfigurationPlatforms) = preSolution
		Debug|Any CPU = Debug|Any CPU
		Release|Any CPU = Release|Any CPU
	EndGlobalSection
	GlobalSection(ProjectConfigurationPlatforms) = postSolution
		{10097BB3-9C5C-485A-81A4-BB41CDDC0B98}.Debug|Any CPU.ActiveCfg = Debug|Any CPU
		{10097BB3-9C5C-485A-81A4-BB41CDDC0B98}.Debug|Any CPU.Build.0 = Debug|Any CPU
		{10097BB3-9C5C-485A-81A4-BB41CDDC0B98}.Release|Any CPU.ActiveCfg = Release|Any CPU
		{10097BB3-9C5C-485A-81A4-BB41CDDC0B98}.Release|Any CPU.Build.0 = Release|Any CPU
		{364E53D0-1473-405B-9FF5-42F3FF715B97}.Debug|Any CPU.ActiveCfg = Debug|Any CPU
		{364E53D0-1473-405B-9FF5-42F3FF715B97}.Debug|Any CPU.Build.0 = Debug|Any CPU
		{364E53D0-1473-405B-9FF5-42F3FF715B97}.Release|Any CPU.ActiveCfg = Release|Any CPU
		{364E53D0-1473-405B-9FF5-42F3FF715B97}.Release|Any CPU.Build.0 = Release|Any CPU
		{332272D3-29B0-4288-B072-8AD2A3E6534A}.Debug|Any CPU.ActiveCfg = Debug|Any CPU
		{332272D3-29B0-4288-B072-8AD2A3E6534A}.Debug|Any CPU.Build.0 = Debug|Any CPU
		{332272D3-29B0-4288-B072-8AD2A3E6534A}.Release|Any CPU.ActiveCfg = Release|Any CPU
		{332272D3-29B0-4288-B072-8AD2A3E6534A}.Release|Any CPU.Build.0 = Release|Any CPU
	EndGlobalSection
	GlobalSection(SolutionProperties) = preSolution
		HideSolutionNode = FALSE
	EndGlobalSection
	GlobalSection(ExtensibilityGlobals) = postSolution
		SolutionGuid = {387FC4ED-7343-4876-9C18-1BE68020C0E8}
	EndGlobalSection
EndGlobal
